
Microsoft Visual Studio Solution File, Format Version 12.00
# Visual Studio Version 16
VisualStudioVersion = 16.0.30717.126
MinimumVisualStudioVersion = 10.0.40219.1
Project("{FAE04EC0-301F-11D3-BF4B-00C04F79EFBC}") = "Platform", "Platform\Platform.csproj", "{609CA1DD-31FA-4F7D-BAFD-40643F40A5BA}"
EndProject
Global
	GlobalSection(SolutionConfigurationPlatforms) = preSolution
		Debug|Any CPU = Debug|Any CPU
		Release|Any CPU = Release|Any CPU
	EndGlobalSection
	GlobalSection(ProjectConfigurationPlatforms) = postSolution
		{609CA1DD-31FA-4F7D-BAFD-40643F40A5BA}.Debug|Any CPU.ActiveCfg = Debug|Any CPU
		{609CA1DD-31FA-4F7D-BAFD-40643F40A5BA}.Debug|Any CPU.Build.0 = Debug|Any CPU
		{609CA1DD-31FA-4F7D-BAFD-40643F40A5BA}.Release|Any CPU.ActiveCfg = Release|Any CPU
		{609CA1DD-31FA-4F7D-BAFD-40643F40A5BA}.Release|Any CPU.Build.0 = Release|Any CPU
	EndGlobalSection
	GlobalSection(SolutionProperties) = preSolution
		HideSolutionNode = FALSE
	EndGlobalSection
	GlobalSection(ExtensibilityGlobals) = postSolution
		SolutionGuid = {674ACC60-706F-4870-AB86-1D0612CFA1ED}
	EndGlobalSection
EndGlobal
